
Microsoft Visual Studio Solution File, Format Version 12.00
# Visual Studio 15
VisualStudioVersion = 15.0.28307.421
MinimumVisualStudioVersion = 10.0.40219.1
Project("{FAE04EC0-301F-11D3-BF4B-00C04F79EFBC}") = "VMD_TEST", "VMD_TEST\VMD_TEST.csproj", "{133AFB66-4A4A-4237-A640-4E4F78192C0A}"
EndProject
Global
	GlobalSection(SolutionConfigurationPlatforms) = preSolution
		Debug|Any CPU = Debug|Any CPU
		Release|Any CPU = Release|Any CPU
	EndGlobalSection
	GlobalSection(ProjectConfigurationPlatforms) = postSolution
		{133AFB66-4A4A-4237-A640-4E4F78192C0A}.Debug|Any CPU.ActiveCfg = Debug|Any CPU
		{133AFB66-4A4A-4237-A640-4E4F78192C0A}.Debug|Any CPU.Build.0 = Debug|Any CPU
		{133AFB66-4A4A-4237-A640-4E4F78192C0A}.Release|Any CPU.ActiveCfg = Release|Any CPU
		{133AFB66-4A4A-4237-A640-4E4F78192C0A}.Release|Any CPU.Build.0 = Release|Any CPU
	EndGlobalSection
	GlobalSection(SolutionProperties) = preSolution
		HideSolutionNode = FALSE
	EndGlobalSection
	GlobalSection(ExtensibilityGlobals) = postSolution
		SolutionGuid = {E07422C3-B18A-4AE6-971A-049F2A039758}
	EndGlobalSection
EndGlobal
